// !$*UTF8*$!
{
	archiveVersion = 1;
	classes = {
	};
	objectVersion = 50;
	objects = {

/* Begin PBXBuildFile section */
		A496748623CF73BC00983949 /* AppDelegate.swift in Sources */ = {isa = PBXBuildFile; fileRef = A496748523CF73BC00983949 /* AppDelegate.swift */; };
		A496748923CF73BC00983949 /* Overflowing_Stacks.xcdatamodeld in Sources */ = {isa = PBXBuildFile; fileRef = A496748723CF73BC00983949 /* Overflowing_Stacks.xcdatamodeld */; };
		A496748B23CF73BC00983949 /* SceneDelegate.swift in Sources */ = {isa = PBXBuildFile; fileRef = A496748A23CF73BC00983949 /* SceneDelegate.swift */; };
		A496748D23CF73BC00983949 /* MasterViewController.swift in Sources */ = {isa = PBXBuildFile; fileRef = A496748C23CF73BC00983949 /* MasterViewController.swift */; };
		A496748F23CF73BC00983949 /* DetailViewController.swift in Sources */ = {isa = PBXBuildFile; fileRef = A496748E23CF73BC00983949 /* DetailViewController.swift */; };
		A496749223CF73BC00983949 /* Main.storyboard in Resources */ = {isa = PBXBuildFile; fileRef = A496749023CF73BC00983949 /* Main.storyboard */; };
		A496749423CF73BD00983949 /* Assets.xcassets in Resources */ = {isa = PBXBuildFile; fileRef = A496749323CF73BD00983949 /* Assets.xcassets */; };
		A496749723CF73BD00983949 /* LaunchScreen.storyboard in Resources */ = {isa = PBXBuildFile; fileRef = A496749523CF73BD00983949 /* LaunchScreen.storyboard */; };
		A49674A223CF73BD00983949 /* Overflowing_StacksTests.swift in Sources */ = {isa = PBXBuildFile; fileRef = A49674A123CF73BD00983949 /* Overflowing_StacksTests.swift */; };
		A49674AD23CF73BD00983949 /* Overflowing_StacksUITests.swift in Sources */ = {isa = PBXBuildFile; fileRef = A49674AC23CF73BD00983949 /* Overflowing_StacksUITests.swift */; };
		A49674BD23CF742500983949 /* SOVFDataModels.swift in Sources */ = {isa = PBXBuildFile; fileRef = A49674BC23CF742500983949 /* SOVFDataModels.swift */; };
		A49674BF23CF750200983949 /* MasterViewViewModel.swift in Sources */ = {isa = PBXBuildFile; fileRef = A49674BE23CF750200983949 /* MasterViewViewModel.swift */; };
		A49674C123CF752400983949 /* BaseViewViewModel.swift in Sources */ = {isa = PBXBuildFile; fileRef = A49674C023CF752400983949 /* BaseViewViewModel.swift */; };
		A49674C323CF75CB00983949 /* Globals.swift in Sources */ = {isa = PBXBuildFile; fileRef = A49674C223CF75CB00983949 /* Globals.swift */; };
		A49674C723CF7F1600983949 /* ViewViewModelTests.swift in Sources */ = {isa = PBXBuildFile; fileRef = A49674C623CF7F1600983949 /* ViewViewModelTests.swift */; };
		A49674CA23CF87DB00983949 /* MasterTableViewCell.swift in Sources */ = {isa = PBXBuildFile; fileRef = A49674C923CF87DB00983949 /* MasterTableViewCell.swift */; };
		A49674CD23CF949500983949 /* SettingsViewController.swift in Sources */ = {isa = PBXBuildFile; fileRef = A49674CC23CF949500983949 /* SettingsViewController.swift */; };
		A49674CF23CF94BB00983949 /* Settings.storyboard in Resources */ = {isa = PBXBuildFile; fileRef = A49674CE23CF94BB00983949 /* Settings.storyboard */; };
		A49674DB23CFB7C800983949 /* Registry+CoreDataClass.swift in Sources */ = {isa = PBXBuildFile; fileRef = A49674D923CFB7C800983949 /* Registry+CoreDataClass.swift */; };
		A49674DC23CFB7C800983949 /* Registry+CoreDataProperties.swift in Sources */ = {isa = PBXBuildFile; fileRef = A49674DA23CFB7C800983949 /* Registry+CoreDataProperties.swift */; };
		A49674E023CFB8AE00983949 /* Registrator.swift in Sources */ = {isa = PBXBuildFile; fileRef = A49674DF23CFB8AE00983949 /* Registrator.swift */; };
		A49674E223CFE17000983949 /* String+.swift in Sources */ = {isa = PBXBuildFile; fileRef = A49674E123CFE17000983949 /* String+.swift */; };
/* End PBXBuildFile section */

/* Begin PBXContainerItemProxy section */
		A496749E23CF73BD00983949 /* PBXContainerItemProxy */ = {
			isa = PBXContainerItemProxy;
			containerPortal = A496747A23CF73BC00983949 /* Project object */;
			proxyType = 1;
			remoteGlobalIDString = A496748123CF73BC00983949;
			remoteInfo = "Overflowing Stacks";
		};
		A49674A923CF73BD00983949 /* PBXContainerItemProxy */ = {
			isa = PBXContainerItemProxy;
			containerPortal = A496747A23CF73BC00983949 /* Project object */;
			proxyType = 1;
			remoteGlobalIDString = A496748123CF73BC00983949;
			remoteInfo = "Overflowing Stacks";
		};
/* End PBXContainerItemProxy section */

/* Begin PBXFileReference section */
		A496748223CF73BC00983949 /* Overflowing Stacks.app */ = {isa = PBXFileReference; explicitFileType = wrapper.application; includeInIndex = 0; path = "Overflowing Stacks.app"; sourceTree = BUILT_PRODUCTS_DIR; };
		A496748523CF73BC00983949 /* AppDelegate.swift */ = {isa = PBXFileReference; lastKnownFileType = sourcecode.swift; path = AppDelegate.swift; sourceTree = "<group>"; };
		A496748823CF73BC00983949 /* Overflowing_Stacks.xcdatamodel */ = {isa = PBXFileReference; lastKnownFileType = wrapper.xcdatamodel; path = Overflowing_Stacks.xcdatamodel; sourceTree = "<group>"; };
		A496748A23CF73BC00983949 /* SceneDelegate.swift */ = {isa = PBXFileReference; lastKnownFileType = sourcecode.swift; path = SceneDelegate.swift; sourceTree = "<group>"; };
		A496748C23CF73BC00983949 /* MasterViewController.swift */ = {isa = PBXFileReference; lastKnownFileType = sourcecode.swift; path = MasterViewController.swift; sourceTree = "<group>"; };
		A496748E23CF73BC00983949 /* DetailViewController.swift */ = {isa = PBXFileReference; lastKnownFileType = sourcecode.swift; path = DetailViewController.swift; sourceTree = "<group>"; };
		A496749123CF73BC00983949 /* Base */ = {isa = PBXFileReference; lastKnownFileType = file.storyboard; name = Base; path = Base.lproj/Main.storyboard; sourceTree = "<group>"; };
		A496749323CF73BD00983949 /* Assets.xcassets */ = {isa = PBXFileReference; lastKnownFileType = folder.assetcatalog; path = Assets.xcassets; sourceTree = "<group>"; };
		A496749623CF73BD00983949 /* Base */ = {isa = PBXFileReference; lastKnownFileType = file.storyboard; name = Base; path = Base.lproj/LaunchScreen.storyboard; sourceTree = "<group>"; };
		A496749823CF73BD00983949 /* Info.plist */ = {isa = PBXFileReference; lastKnownFileType = text.plist.xml; path = Info.plist; sourceTree = "<group>"; };
		A496749D23CF73BD00983949 /* Overflowing StacksTests.xctest */ = {isa = PBXFileReference; explicitFileType = wrapper.cfbundle; includeInIndex = 0; path = "Overflowing StacksTests.xctest"; sourceTree = BUILT_PRODUCTS_DIR; };
		A49674A123CF73BD00983949 /* Overflowing_StacksTests.swift */ = {isa = PBXFileReference; lastKnownFileType = sourcecode.swift; path = Overflowing_StacksTests.swift; sourceTree = "<group>"; };
		A49674A323CF73BD00983949 /* Info.plist */ = {isa = PBXFileReference; lastKnownFileType = text.plist.xml; path = Info.plist; sourceTree = "<group>"; };
		A49674A823CF73BD00983949 /* Overflowing StacksUITests.xctest */ = {isa = PBXFileReference; explicitFileType = wrapper.cfbundle; includeInIndex = 0; path = "Overflowing StacksUITests.xctest"; sourceTree = BUILT_PRODUCTS_DIR; };
		A49674AC23CF73BD00983949 /* Overflowing_StacksUITests.swift */ = {isa = PBXFileReference; lastKnownFileType = sourcecode.swift; path = Overflowing_StacksUITests.swift; sourceTree = "<group>"; };
		A49674AE23CF73BD00983949 /* Info.plist */ = {isa = PBXFileReference; lastKnownFileType = text.plist.xml; path = Info.plist; sourceTree = "<group>"; };
		A49674BC23CF742500983949 /* SOVFDataModels.swift */ = {isa = PBXFileReference; lastKnownFileType = sourcecode.swift; path = SOVFDataModels.swift; sourceTree = "<group>"; };
		A49674BE23CF750200983949 /* MasterViewViewModel.swift */ = {isa = PBXFileReference; lastKnownFileType = sourcecode.swift; path = MasterViewViewModel.swift; sourceTree = "<group>"; };
		A49674C023CF752400983949 /* BaseViewViewModel.swift */ = {isa = PBXFileReference; lastKnownFileType = sourcecode.swift; path = BaseViewViewModel.swift; sourceTree = "<group>"; };
		A49674C223CF75CB00983949 /* Globals.swift */ = {isa = PBXFileReference; lastKnownFileType = sourcecode.swift; path = Globals.swift; sourceTree = "<group>"; };
		A49674C623CF7F1600983949 /* ViewViewModelTests.swift */ = {isa = PBXFileReference; lastKnownFileType = sourcecode.swift; path = ViewViewModelTests.swift; sourceTree = "<group>"; };
		A49674C923CF87DB00983949 /* MasterTableViewCell.swift */ = {isa = PBXFileReference; lastKnownFileType = sourcecode.swift; name = MasterTableViewCell.swift; path = ../../../../../Documents/MasterTableViewCell.swift; sourceTree = "<group>"; };
		A49674CC23CF949500983949 /* SettingsViewController.swift */ = {isa = PBXFileReference; lastKnownFileType = sourcecode.swift; name = SettingsViewController.swift; path = ../../../../../Documents/SettingsViewController.swift; sourceTree = "<group>"; };
		A49674CE23CF94BB00983949 /* Settings.storyboard */ = {isa = PBXFileReference; lastKnownFileType = file.storyboard; name = Settings.storyboard; path = ../../../../../Documents/Settings.storyboard; sourceTree = "<group>"; };
		A49674D923CFB7C800983949 /* Registry+CoreDataClass.swift */ = {isa = PBXFileReference; lastKnownFileType = sourcecode.swift; path = "Registry+CoreDataClass.swift"; sourceTree = "<group>"; };
		A49674DA23CFB7C800983949 /* Registry+CoreDataProperties.swift */ = {isa = PBXFileReference; lastKnownFileType = sourcecode.swift; path = "Registry+CoreDataProperties.swift"; sourceTree = "<group>"; };
		A49674DF23CFB8AE00983949 /* Registrator.swift */ = {isa = PBXFileReference; lastKnownFileType = sourcecode.swift; path = Registrator.swift; sourceTree = "<group>"; };
		A49674E123CFE17000983949 /* String+.swift */ = {isa = PBXFileReference; lastKnownFileType = sourcecode.swift; path = "String+.swift"; sourceTree = "<group>"; };
/* End PBXFileReference section */

/* Begin PBXFrameworksBuildPhase section */
		A496747F23CF73BC00983949 /* Frameworks */ = {
			isa = PBXFrameworksBuildPhase;
			buildActionMask = 2147483647;
			files = (
			);
			runOnlyForDeploymentPostprocessing = 0;
		};
		A496749A23CF73BD00983949 /* Frameworks */ = {
			isa = PBXFrameworksBuildPhase;
			buildActionMask = 2147483647;
			files = (
			);
			runOnlyForDeploymentPostprocessing = 0;
		};
		A49674A523CF73BD00983949 /* Frameworks */ = {
			isa = PBXFrameworksBuildPhase;
			buildActionMask = 2147483647;
			files = (
			);
			runOnlyForDeploymentPostprocessing = 0;
		};
/* End PBXFrameworksBuildPhase section */

/* Begin PBXGroup section */
		A479DECC23D0E38500AEA40B /* Detail */ = {
			isa = PBXGroup;
			children = (
				A496748E23CF73BC00983949 /* DetailViewController.swift */,
			);
			path = Detail;
			sourceTree = "<group>";
		};
		A479DECD23D0E3A800AEA40B /* Globals+Extensions */ = {
			isa = PBXGroup;
			children = (
				A49674C023CF752400983949 /* BaseViewViewModel.swift */,
				A49674C223CF75CB00983949 /* Globals.swift */,
				A49674DF23CFB8AE00983949 /* Registrator.swift */,
				A49674E123CFE17000983949 /* String+.swift */,
			);
			path = "Globals+Extensions";
			sourceTree = "<group>";
		};
		A496747923CF73BC00983949 = {
			isa = PBXGroup;
			children = (
				A496748423CF73BC00983949 /* Overflowing Stacks */,
				A49674A023CF73BD00983949 /* Overflowing StacksTests */,
				A49674AB23CF73BD00983949 /* Overflowing StacksUITests */,
				A496748323CF73BC00983949 /* Products */,
			);
			sourceTree = "<group>";
		};
		A496748323CF73BC00983949 /* Products */ = {
			isa = PBXGroup;
			children = (
				A496748223CF73BC00983949 /* Overflowing Stacks.app */,
				A496749D23CF73BD00983949 /* Overflowing StacksTests.xctest */,
				A49674A823CF73BD00983949 /* Overflowing StacksUITests.xctest */,
			);
			name = Products;
			sourceTree = "<group>";
		};
		A496748423CF73BC00983949 /* Overflowing Stacks */ = {
			isa = PBXGroup;
			children = (
				A479DECD23D0E3A800AEA40B /* Globals+Extensions */,
				A49674D423CFB77B00983949 /* Managed Objects */,
				A496749023CF73BC00983949 /* Main.storyboard */,
				A49674C823CF85F100983949 /* Master */,
				A496748523CF73BC00983949 /* AppDelegate.swift */,
				A496748A23CF73BC00983949 /* SceneDelegate.swift */,
				A496749323CF73BD00983949 /* Assets.xcassets */,
				A496749523CF73BD00983949 /* LaunchScreen.storyboard */,
				A496749823CF73BD00983949 /* Info.plist */,
				A496748723CF73BC00983949 /* Overflowing_Stacks.xcdatamodeld */,
			);
			path = "Overflowing Stacks";
			sourceTree = "<group>";
		};
		A49674A023CF73BD00983949 /* Overflowing StacksTests */ = {
			isa = PBXGroup;
			children = (
				A49674A123CF73BD00983949 /* Overflowing_StacksTests.swift */,
				A49674A323CF73BD00983949 /* Info.plist */,
				A49674C623CF7F1600983949 /* ViewViewModelTests.swift */,
			);
			path = "Overflowing StacksTests";
			sourceTree = "<group>";
		};
		A49674AB23CF73BD00983949 /* Overflowing StacksUITests */ = {
			isa = PBXGroup;
			children = (
				A49674AC23CF73BD00983949 /* Overflowing_StacksUITests.swift */,
				A49674AE23CF73BD00983949 /* Info.plist */,
			);
			path = "Overflowing StacksUITests";
			sourceTree = "<group>";
		};
		A49674BB23CF740C00983949 /* Data Models */ = {
			isa = PBXGroup;
			children = (
				A49674BC23CF742500983949 /* SOVFDataModels.swift */,
			);
			path = "Data Models";
			sourceTree = "<group>";
		};
		A49674C823CF85F100983949 /* Master */ = {
			isa = PBXGroup;
			children = (
				A49674BB23CF740C00983949 /* Data Models */,
				A49674CB23CF945500983949 /* Setting */,
				A479DECC23D0E38500AEA40B /* Detail */,
				A496748C23CF73BC00983949 /* MasterViewController.swift */,
				A49674BE23CF750200983949 /* MasterViewViewModel.swift */,
				A49674C923CF87DB00983949 /* MasterTableViewCell.swift */,
			);
			path = Master;
			sourceTree = "<group>";
		};
		A49674CB23CF945500983949 /* Setting */ = {
			isa = PBXGroup;
			children = (
				A49674CC23CF949500983949 /* SettingsViewController.swift */,
				A49674CE23CF94BB00983949 /* Settings.storyboard */,
			);
			name = Setting;
			path = ../Setting;
			sourceTree = "<group>";
		};
		A49674D423CFB77B00983949 /* Managed Objects */ = {
			isa = PBXGroup;
			children = (
				A49674D923CFB7C800983949 /* Registry+CoreDataClass.swift */,
				A49674DA23CFB7C800983949 /* Registry+CoreDataProperties.swift */,
			);
			path = "Managed Objects";
			sourceTree = "<group>";
		};
/* End PBXGroup section */

/* Begin PBXNativeTarget section */
		A496748123CF73BC00983949 /* Overflowing Stacks */ = {
			isa = PBXNativeTarget;
			buildConfigurationList = A49674B123CF73BD00983949 /* Build configuration list for PBXNativeTarget "Overflowing Stacks" */;
			buildPhases = (
				A496747E23CF73BC00983949 /* Sources */,
				A496747F23CF73BC00983949 /* Frameworks */,
				A496748023CF73BC00983949 /* Resources */,
			);
			buildRules = (
			);
			dependencies = (
			);
			name = "Overflowing Stacks";
			productName = "Overflowing Stacks";
			productReference = A496748223CF73BC00983949 /* Overflowing Stacks.app */;
			productType = "com.apple.product-type.application";
		};
		A496749C23CF73BD00983949 /* Overflowing StacksTests */ = {
			isa = PBXNativeTarget;
			buildConfigurationList = A49674B423CF73BD00983949 /* Build configuration list for PBXNativeTarget "Overflowing StacksTests" */;
			buildPhases = (
				A496749923CF73BD00983949 /* Sources */,
				A496749A23CF73BD00983949 /* Frameworks */,
				A496749B23CF73BD00983949 /* Resources */,
			);
			buildRules = (
			);
			dependencies = (
				A496749F23CF73BD00983949 /* PBXTargetDependency */,
			);
			name = "Overflowing StacksTests";
			productName = "Overflowing StacksTests";
			productReference = A496749D23CF73BD00983949 /* Overflowing StacksTests.xctest */;
			productType = "com.apple.product-type.bundle.unit-test";
		};
		A49674A723CF73BD00983949 /* Overflowing StacksUITests */ = {
			isa = PBXNativeTarget;
			buildConfigurationList = A49674B723CF73BD00983949 /* Build configuration list for PBXNativeTarget "Overflowing StacksUITests" */;
			buildPhases = (
				A49674A423CF73BD00983949 /* Sources */,
				A49674A523CF73BD00983949 /* Frameworks */,
				A49674A623CF73BD00983949 /* Resources */,
			);
			buildRules = (
			);
			dependencies = (
				A49674AA23CF73BD00983949 /* PBXTargetDependency */,
			);
			name = "Overflowing StacksUITests";
			productName = "Overflowing StacksUITests";
			productReference = A49674A823CF73BD00983949 /* Overflowing StacksUITests.xctest */;
			productType = "com.apple.product-type.bundle.ui-testing";
		};
/* End PBXNativeTarget section */

/* Begin PBXProject section */
		A496747A23CF73BC00983949 /* Project object */ = {
			isa = PBXProject;
			attributes = {
				LastSwiftUpdateCheck = 1130;
				LastUpgradeCheck = 1130;
				ORGANIZATIONNAME = "Faisal Bhombal";
				TargetAttributes = {
					A496748123CF73BC00983949 = {
						CreatedOnToolsVersion = 11.3.1;
					};
					A496749C23CF73BD00983949 = {
						CreatedOnToolsVersion = 11.3.1;
						TestTargetID = A496748123CF73BC00983949;
					};
					A49674A723CF73BD00983949 = {
						CreatedOnToolsVersion = 11.3.1;
						TestTargetID = A496748123CF73BC00983949;
					};
				};
			};
			buildConfigurationList = A496747D23CF73BC00983949 /* Build configuration list for PBXProject "Overflowing Stacks" */;
			compatibilityVersion = "Xcode 9.3";
			developmentRegion = en;
			hasScannedForEncodings = 0;
			knownRegions = (
				en,
				Base,
			);
			mainGroup = A496747923CF73BC00983949;
			productRefGroup = A496748323CF73BC00983949 /* Products */;
			projectDirPath = "";
			projectRoot = "";
			targets = (
				A496748123CF73BC00983949 /* Overflowing Stacks */,
				A496749C23CF73BD00983949 /* Overflowing StacksTests */,
				A49674A723CF73BD00983949 /* Overflowing StacksUITests */,
			);
		};
/* End PBXProject section */

/* Begin PBXResourcesBuildPhase section */
		A496748023CF73BC00983949 /* Resources */ = {
			isa = PBXResourcesBuildPhase;
			buildActionMask = 2147483647;
			files = (
				A496749723CF73BD00983949 /* LaunchScreen.storyboard in Resources */,
				A496749423CF73BD00983949 /* Assets.xcassets in Resources */,
				A496749223CF73BC00983949 /* Main.storyboard in Resources */,
				A49674CF23CF94BB00983949 /* Settings.storyboard in Resources */,
			);
			runOnlyForDeploymentPostprocessing = 0;
		};
		A496749B23CF73BD00983949 /* Resources */ = {
			isa = PBXResourcesBuildPhase;
			buildActionMask = 2147483647;
			files = (
			);
			runOnlyForDeploymentPostprocessing = 0;
		};
		A49674A623CF73BD00983949 /* Resources */ = {
			isa = PBXResourcesBuildPhase;
			buildActionMask = 2147483647;
			files = (
			);
			runOnlyForDeploymentPostprocessing = 0;
		};
/* End PBXResourcesBuildPhase section */

/* Begin PBXSourcesBuildPhase section */
		A496747E23CF73BC00983949 /* Sources */ = {
			isa = PBXSourcesBuildPhase;
			buildActionMask = 2147483647;
			files = (
				A49674BF23CF750200983949 /* MasterViewViewModel.swift in Sources */,
				A496748D23CF73BC00983949 /* MasterViewController.swift in Sources */,
				A49674DC23CFB7C800983949 /* Registry+CoreDataProperties.swift in Sources */,
				A49674CD23CF949500983949 /* SettingsViewController.swift in Sources */,
				A49674BD23CF742500983949 /* SOVFDataModels.swift in Sources */,
				A49674E023CFB8AE00983949 /* Registrator.swift in Sources */,
				A496748623CF73BC00983949 /* AppDelegate.swift in Sources */,
				A49674E223CFE17000983949 /* String+.swift in Sources */,
				A49674C123CF752400983949 /* BaseViewViewModel.swift in Sources */,
				A49674CA23CF87DB00983949 /* MasterTableViewCell.swift in Sources */,
				A496748F23CF73BC00983949 /* DetailViewController.swift in Sources */,
				A49674DB23CFB7C800983949 /* Registry+CoreDataClass.swift in Sources */,
				A496748923CF73BC00983949 /* Overflowing_Stacks.xcdatamodeld in Sources */,
				A496748B23CF73BC00983949 /* SceneDelegate.swift in Sources */,
				A49674C323CF75CB00983949 /* Globals.swift in Sources */,
			);
			runOnlyForDeploymentPostprocessing = 0;
		};
		A496749923CF73BD00983949 /* Sources */ = {
			isa = PBXSourcesBuildPhase;
			buildActionMask = 2147483647;
			files = (
				A49674A223CF73BD00983949 /* Overflowing_StacksTests.swift in Sources */,
				A49674C723CF7F1600983949 /* ViewViewModelTests.swift in Sources */,
			);
			runOnlyForDeploymentPostprocessing = 0;
		};
		A49674A423CF73BD00983949 /* Sources */ = {
			isa = PBXSourcesBuildPhase;
			buildActionMask = 2147483647;
			files = (
				A49674AD23CF73BD00983949 /* Overflowing_StacksUITests.swift in Sources */,
			);
			runOnlyForDeploymentPostprocessing = 0;
		};
/* End PBXSourcesBuildPhase section */

/* Begin PBXTargetDependency section */
		A496749F23CF73BD00983949 /* PBXTargetDependency */ = {
			isa = PBXTargetDependency;
			target = A496748123CF73BC00983949 /* Overflowing Stacks */;
			targetProxy = A496749E23CF73BD00983949 /* PBXContainerItemProxy */;
		};
		A49674AA23CF73BD00983949 /* PBXTargetDependency */ = {
			isa = PBXTargetDependency;
			target = A496748123CF73BC00983949 /* Overflowing Stacks */;
			targetProxy = A49674A923CF73BD00983949 /* PBXContainerItemProxy */;
		};
/* End PBXTargetDependency section */

/* Begin PBXVariantGroup section */
		A496749023CF73BC00983949 /* Main.storyboard */ = {
			isa = PBXVariantGroup;
			children = (
				A496749123CF73BC00983949 /* Base */,
			);
			name = Main.storyboard;
			sourceTree = "<group>";
		};
		A496749523CF73BD00983949 /* LaunchScreen.storyboard */ = {
			isa = PBXVariantGroup;
			children = (
				A496749623CF73BD00983949 /* Base */,
			);
			name = LaunchScreen.storyboard;
			sourceTree = "<group>";
		};
/* End PBXVariantGroup section */

/* Begin XCBuildConfiguration section */
		A49674AF23CF73BD00983949 /* Debug */ = {
			isa = XCBuildConfiguration;
			buildSettings = {
				ALWAYS_SEARCH_USER_PATHS = NO;
				CLANG_ANALYZER_NONNULL = YES;
				CLANG_ANALYZER_NUMBER_OBJECT_CONVERSION = YES_AGGRESSIVE;
				CLANG_CXX_LANGUAGE_STANDARD = "gnu++14";
				CLANG_CXX_LIBRARY = "libc++";
				CLANG_ENABLE_MODULES = YES;
				CLANG_ENABLE_OBJC_ARC = YES;
				CLANG_ENABLE_OBJC_WEAK = YES;
				CLANG_WARN_BLOCK_CAPTURE_AUTORELEASING = YES;
				CLANG_WARN_BOOL_CONVERSION = YES;
				CLANG_WARN_COMMA = YES;
				CLANG_WARN_CONSTANT_CONVERSION = YES;
				CLANG_WARN_DEPRECATED_OBJC_IMPLEMENTATIONS = YES;
				CLANG_WARN_DIRECT_OBJC_ISA_USAGE = YES_ERROR;
				CLANG_WARN_DOCUMENTATION_COMMENTS = YES;
				CLANG_WARN_EMPTY_BODY = YES;
				CLANG_WARN_ENUM_CONVERSION = YES;
				CLANG_WARN_INFINITE_RECURSION = YES;
				CLANG_WARN_INT_CONVERSION = YES;
				CLANG_WARN_NON_LITERAL_NULL_CONVERSION = YES;
				CLANG_WARN_OBJC_IMPLICIT_RETAIN_SELF = YES;
				CLANG_WARN_OBJC_LITERAL_CONVERSION = YES;
				CLANG_WARN_OBJC_ROOT_CLASS = YES_ERROR;
				CLANG_WARN_RANGE_LOOP_ANALYSIS = YES;
				CLANG_WARN_STRICT_PROTOTYPES = YES;
				CLANG_WARN_SUSPICIOUS_MOVE = YES;
				CLANG_WARN_UNGUARDED_AVAILABILITY = YES_AGGRESSIVE;
				CLANG_WARN_UNREACHABLE_CODE = YES;
				CLANG_WARN__DUPLICATE_METHOD_MATCH = YES;
				COPY_PHASE_STRIP = NO;
				DEBUG_INFORMATION_FORMAT = dwarf;
				ENABLE_STRICT_OBJC_MSGSEND = YES;
				ENABLE_TESTABILITY = YES;
				GCC_C_LANGUAGE_STANDARD = gnu11;
				GCC_DYNAMIC_NO_PIC = NO;
				GCC_NO_COMMON_BLOCKS = YES;
				GCC_OPTIMIZATION_LEVEL = 0;
				GCC_PREPROCESSOR_DEFINITIONS = (
					"DEBUG=1",
					"$(inherited)",
				);
				GCC_WARN_64_TO_32_BIT_CONVERSION = YES;
				GCC_WARN_ABOUT_RETURN_TYPE = YES_ERROR;
				GCC_WARN_UNDECLARED_SELECTOR = YES;
				GCC_WARN_UNINITIALIZED_AUTOS = YES_AGGRESSIVE;
				GCC_WARN_UNUSED_FUNCTION = YES;
				GCC_WARN_UNUSED_VARIABLE = YES;
				IPHONEOS_DEPLOYMENT_TARGET = 13.2;
				MTL_ENABLE_DEBUG_INFO = INCLUDE_SOURCE;
				MTL_FAST_MATH = YES;
				ONLY_ACTIVE_ARCH = YES;
				SDKROOT = iphoneos;
				SWIFT_ACTIVE_COMPILATION_CONDITIONS = DEBUG;
				SWIFT_OPTIMIZATION_LEVEL = "-Onone";
			};
			name = Debug;
		};
		A49674B023CF73BD00983949 /* Release */ = {
			isa = XCBuildConfiguration;
			buildSettings = {
				ALWAYS_SEARCH_USER_PATHS = NO;
				CLANG_ANALYZER_NONNULL = YES;
				CLANG_ANALYZER_NUMBER_OBJECT_CONVERSION = YES_AGGRESSIVE;
				CLANG_CXX_LANGUAGE_STANDARD = "gnu++14";
				CLANG_CXX_LIBRARY = "libc++";
				CLANG_ENABLE_MODULES = YES;
				CLANG_ENABLE_OBJC_ARC = YES;
				CLANG_ENABLE_OBJC_WEAK = YES;
				CLANG_WARN_BLOCK_CAPTURE_AUTORELEASING = YES;
				CLANG_WARN_BOOL_CONVERSION = YES;
				CLANG_WARN_COMMA = YES;
				CLANG_WARN_CONSTANT_CONVERSION = YES;
				CLANG_WARN_DEPRECATED_OBJC_IMPLEMENTATIONS = YES;
				CLANG_WARN_DIRECT_OBJC_ISA_USAGE = YES_ERROR;
				CLANG_WARN_DOCUMENTATION_COMMENTS = YES;
				CLANG_WARN_EMPTY_BODY = YES;
				CLANG_WARN_ENUM_CONVERSION = YES;
				CLANG_WARN_INFINITE_RECURSION = YES;
				CLANG_WARN_INT_CONVERSION = YES;
				CLANG_WARN_NON_LITERAL_NULL_CONVERSION = YES;
				CLANG_WARN_OBJC_IMPLICIT_RETAIN_SELF = YES;
				CLANG_WARN_OBJC_LITERAL_CONVERSION = YES;
				CLANG_WARN_OBJC_ROOT_CLASS = YES_ERROR;
				CLANG_WARN_RANGE_LOOP_ANALYSIS = YES;
				CLANG_WARN_STRICT_PROTOTYPES = YES;
				CLANG_WARN_SUSPICIOUS_MOVE = YES;
				CLANG_WARN_UNGUARDED_AVAILABILITY = YES_AGGRESSIVE;
				CLANG_WARN_UNREACHABLE_CODE = YES;
				CLANG_WARN__DUPLICATE_METHOD_MATCH = YES;
				COPY_PHASE_STRIP = NO;
				DEBUG_INFORMATION_FORMAT = "dwarf-with-dsym";
				ENABLE_NS_ASSERTIONS = NO;
				ENABLE_STRICT_OBJC_MSGSEND = YES;
				GCC_C_LANGUAGE_STANDARD = gnu11;
				GCC_NO_COMMON_BLOCKS = YES;
				GCC_WARN_64_TO_32_BIT_CONVERSION = YES;
				GCC_WARN_ABOUT_RETURN_TYPE = YES_ERROR;
				GCC_WARN_UNDECLARED_SELECTOR = YES;
				GCC_WARN_UNINITIALIZED_AUTOS = YES_AGGRESSIVE;
				GCC_WARN_UNUSED_FUNCTION = YES;
				GCC_WARN_UNUSED_VARIABLE = YES;
				IPHONEOS_DEPLOYMENT_TARGET = 13.2;
				MTL_ENABLE_DEBUG_INFO = NO;
				MTL_FAST_MATH = YES;
				SDKROOT = iphoneos;
				SWIFT_COMPILATION_MODE = wholemodule;
				SWIFT_OPTIMIZATION_LEVEL = "-O";
				VALIDATE_PRODUCT = YES;
			};
			name = Release;
		};
		A49674B223CF73BD00983949 /* Debug */ = {
			isa = XCBuildConfiguration;
			buildSettings = {
				ASSETCATALOG_COMPILER_APPICON_NAME = AppIcon;
				CODE_SIGN_STYLE = Automatic;
				DEVELOPMENT_TEAM = 6L44NNSJR8;
				INFOPLIST_FILE = "Overflowing Stacks/Info.plist";
				LD_RUNPATH_SEARCH_PATHS = (
					"$(inherited)",
					"@executable_path/Frameworks",
				);
				PRODUCT_BUNDLE_IDENTIFIER = "org.bhombal.Overflowing-Stacks";
				PRODUCT_NAME = "$(TARGET_NAME)";
				SWIFT_VERSION = 5.0;
				TARGETED_DEVICE_FAMILY = "1,2";
			};
			name = Debug;
		};
		A49674B323CF73BD00983949 /* Release */ = {
			isa = XCBuildConfiguration;
			buildSettings = {
				ASSETCATALOG_COMPILER_APPICON_NAME = AppIcon;
				CODE_SIGN_STYLE = Automatic;
				DEVELOPMENT_TEAM = 6L44NNSJR8;
				INFOPLIST_FILE = "Overflowing Stacks/Info.plist";
				LD_RUNPATH_SEARCH_PATHS = (
					"$(inherited)",
					"@executable_path/Frameworks",
				);
				PRODUCT_BUNDLE_IDENTIFIER = "org.bhombal.Overflowing-Stacks";
				PRODUCT_NAME = "$(TARGET_NAME)";
				SWIFT_VERSION = 5.0;
				TARGETED_DEVICE_FAMILY = "1,2";
			};
			name = Release;
		};
		A49674B523CF73BD00983949 /* Debug */ = {
			isa = XCBuildConfiguration;
			buildSettings = {
				ALWAYS_EMBED_SWIFT_STANDARD_LIBRARIES = YES;
				BUNDLE_LOADER = "$(TEST_HOST)";
				CODE_SIGN_STYLE = Automatic;
				DEVELOPMENT_TEAM = 6L44NNSJR8;
				INFOPLIST_FILE = "Overflowing StacksTests/Info.plist";
				IPHONEOS_DEPLOYMENT_TARGET = 13.2;
				LD_RUNPATH_SEARCH_PATHS = (
					"$(inherited)",
					"@executable_path/Frameworks",
					"@loader_path/Frameworks",
				);
				PRODUCT_BUNDLE_IDENTIFIER = "org.bhombal.Overflowing-StacksTests";
				PRODUCT_NAME = "$(TARGET_NAME)";
				SWIFT_VERSION = 5.0;
				TARGETED_DEVICE_FAMILY = "1,2";
				TEST_HOST = "$(BUILT_PRODUCTS_DIR)/Overflowing Stacks.app/Overflowing Stacks";
			};
			name = Debug;
		};
		A49674B623CF73BD00983949 /* Release */ = {
			isa = XCBuildConfiguration;
			buildSettings = {
				ALWAYS_EMBED_SWIFT_STANDARD_LIBRARIES = YES;
				BUNDLE_LOADER = "$(TEST_HOST)";
				CODE_SIGN_STYLE = Automatic;
				DEVELOPMENT_TEAM = 6L44NNSJR8;
				INFOPLIST_FILE = "Overflowing StacksTests/Info.plist";
				IPHONEOS_DEPLOYMENT_TARGET = 13.2;
				LD_RUNPATH_SEARCH_PATHS = (
					"$(inherited)",
					"@executable_path/Frameworks",
					"@loader_path/Frameworks",
				);
				PRODUCT_BUNDLE_IDENTIFIER = "org.bhombal.Overflowing-StacksTests";
				PRODUCT_NAME = "$(TARGET_NAME)";
				SWIFT_VERSION = 5.0;
				TARGETED_DEVICE_FAMILY = "1,2";
				TEST_HOST = "$(BUILT_PRODUCTS_DIR)/Overflowing Stacks.app/Overflowing Stacks";
			};
			name = Release;
		};
		A49674B823CF73BD00983949 /* Debug */ = {
			isa = XCBuildConfiguration;
			buildSettings = {
				ALWAYS_EMBED_SWIFT_STANDARD_LIBRARIES = YES;
				CODE_SIGN_STYLE = Automatic;
				DEVELOPMENT_TEAM = 6L44NNSJR8;
				INFOPLIST_FILE = "Overflowing StacksUITests/Info.plist";
				LD_RUNPATH_SEARCH_PATHS = (
					"$(inherited)",
					"@executable_path/Frameworks",
					"@loader_path/Frameworks",
				);
				PRODUCT_BUNDLE_IDENTIFIER = "org.bhombal.Overflowing-StacksUITests";
				PRODUCT_NAME = "$(TARGET_NAME)";
				SWIFT_VERSION = 5.0;
				TARGETED_DEVICE_FAMILY = "1,2";
				TEST_TARGET_NAME = "Overflowing Stacks";
			};
			name = Debug;
		};
		A49674B923CF73BD00983949 /* Release */ = {
			isa = XCBuildConfiguration;
			buildSettings = {
				ALWAYS_EMBED_SWIFT_STANDARD_LIBRARIES = YES;
				CODE_SIGN_STYLE = Automatic;
				DEVELOPMENT_TEAM = 6L44NNSJR8;
				INFOPLIST_FILE = "Overflowing StacksUITests/Info.plist";
				LD_RUNPATH_SEARCH_PATHS = (
					"$(inherited)",
					"@executable_path/Frameworks",
					"@loader_path/Frameworks",
				);
				PRODUCT_BUNDLE_IDENTIFIER = "org.bhombal.Overflowing-StacksUITests";
				PRODUCT_NAME = "$(TARGET_NAME)";
				SWIFT_VERSION = 5.0;
				TARGETED_DEVICE_FAMILY = "1,2";
				TEST_TARGET_NAME = "Overflowing Stacks";
			};
			name = Release;
		};
/* End XCBuildConfiguration section */

/* Begin XCConfigurationList section */
		A496747D23CF73BC00983949 /* Build configuration list for PBXProject "Overflowing Stacks" */ = {
			isa = XCConfigurationList;
			buildConfigurations = (
				A49674AF23CF73BD00983949 /* Debug */,
				A49674B023CF73BD00983949 /* Release */,
			);
			defaultConfigurationIsVisible = 0;
			defaultConfigurationName = Release;
		};
		A49674B123CF73BD00983949 /* Build configuration list for PBXNativeTarget "Overflowing Stacks" */ = {
			isa = XCConfigurationList;
			buildConfigurations = (
				A49674B223CF73BD00983949 /* Debug */,
				A49674B323CF73BD00983949 /* Release */,
			);
			defaultConfigurationIsVisible = 0;
			defaultConfigurationName = Release;
		};
		A49674B423CF73BD00983949 /* Build configuration list for PBXNativeTarget "Overflowing StacksTests" */ = {
			isa = XCConfigurationList;
			buildConfigurations = (
				A49674B523CF73BD00983949 /* Debug */,
				A49674B623CF73BD00983949 /* Release */,
			);
			defaultConfigurationIsVisible = 0;
			defaultConfigurationName = Release;
		};
		A49674B723CF73BD00983949 /* Build configuration list for PBXNativeTarget "Overflowing StacksUITests" */ = {
			isa = XCConfigurationList;
			buildConfigurations = (
				A49674B823CF73BD00983949 /* Debug */,
				A49674B923CF73BD00983949 /* Release */,
			);
			defaultConfigurationIsVisible = 0;
			defaultConfigurationName = Release;
		};
/* End XCConfigurationList section */

/* Begin XCVersionGroup section */
		A496748723CF73BC00983949 /* Overflowing_Stacks.xcdatamodeld */ = {
			isa = XCVersionGroup;
			children = (
				A496748823CF73BC00983949 /* Overflowing_Stacks.xcdatamodel */,
			);
			currentVersion = A496748823CF73BC00983949 /* Overflowing_Stacks.xcdatamodel */;
			path = Overflowing_Stacks.xcdatamodeld;
			sourceTree = "<group>";
			versionGroupType = wrapper.xcdatamodel;
		};
/* End XCVersionGroup section */
	};
	rootObject = A496747A23CF73BC00983949 /* Project object */;
}
